
Microsoft Visual Studio Solution File, Format Version 12.00
Project("{FAE04EC0-301F-11D3-BF4B-00C04F79EFBC}") = "CSharpPlayground", "CSharpPlayground\CSharpPlayground.csproj", "{2BBF4155-1DB3-4AF7-833A-4E9F77FBFCBB}"
EndProject
Project("{FAE04EC0-301F-11D3-BF4B-00C04F79EFBC}") = "CSharpPlayground.Test", "CSharpPlayground.Test\CSharpPlayground.Test.csproj", "{969B6E1A-3E83-4265-9A98-E3677E46EE36}"
EndProject
Global
	GlobalSection(SolutionConfigurationPlatforms) = preSolution
		Debug|Any CPU = Debug|Any CPU
		Release|Any CPU = Release|Any CPU
	EndGlobalSection
	GlobalSection(ProjectConfigurationPlatforms) = postSolution
		{2BBF4155-1DB3-4AF7-833A-4E9F77FBFCBB}.Debug|Any CPU.ActiveCfg = Debug|Any CPU
		{2BBF4155-1DB3-4AF7-833A-4E9F77FBFCBB}.Debug|Any CPU.Build.0 = Debug|Any CPU
		{2BBF4155-1DB3-4AF7-833A-4E9F77FBFCBB}.Release|Any CPU.ActiveCfg = Release|Any CPU
		{2BBF4155-1DB3-4AF7-833A-4E9F77FBFCBB}.Release|Any CPU.Build.0 = Release|Any CPU
		{969B6E1A-3E83-4265-9A98-E3677E46EE36}.Debug|Any CPU.ActiveCfg = Debug|Any CPU
		{969B6E1A-3E83-4265-9A98-E3677E46EE36}.Debug|Any CPU.Build.0 = Debug|Any CPU
		{969B6E1A-3E83-4265-9A98-E3677E46EE36}.Release|Any CPU.ActiveCfg = Release|Any CPU
		{969B6E1A-3E83-4265-9A98-E3677E46EE36}.Release|Any CPU.Build.0 = Release|Any CPU
	EndGlobalSection
EndGlobal
